// !$*UTF8*$!
{
	archiveVersion = 1;
	classes = {
	};
	objectVersion = 46;
	objects = {

/* Begin PBXBuildFile section */
		794C1DF21DE340580044796D /* ProductsTableViewController.swift in Sources */ = {isa = PBXBuildFile; fileRef = 794C1DF11DE340580044796D /* ProductsTableViewController.swift */; };
		F3B8CEA81DE275740077DA11 /* AppDelegate.swift in Sources */ = {isa = PBXBuildFile; fileRef = F3B8CEA71DE275740077DA11 /* AppDelegate.swift */; };
		F3B8CEAD1DE275740077DA11 /* Main.storyboard in Resources */ = {isa = PBXBuildFile; fileRef = F3B8CEAB1DE275740077DA11 /* Main.storyboard */; };
		F3B8CEAF1DE275740077DA11 /* Assets.xcassets in Resources */ = {isa = PBXBuildFile; fileRef = F3B8CEAE1DE275740077DA11 /* Assets.xcassets */; };
		F3B8CEB21DE275740077DA11 /* LaunchScreen.storyboard in Resources */ = {isa = PBXBuildFile; fileRef = F3B8CEB01DE275740077DA11 /* LaunchScreen.storyboard */; };
		F3B8CEBC1DE27D520077DA11 /* ProductViewController.swift in Sources */ = {isa = PBXBuildFile; fileRef = F3B8CEBB1DE27D520077DA11 /* ProductViewController.swift */; };
		F3B8CEBE1DE2A1220077DA11 /* ContactViewController.swift in Sources */ = {isa = PBXBuildFile; fileRef = F3B8CEBD1DE2A1220077DA11 /* ContactViewController.swift */; };
/* End PBXBuildFile section */

/* Begin PBXFileReference section */
		794C1DF11DE340580044796D /* ProductsTableViewController.swift */ = {isa = PBXFileReference; fileEncoding = 4; lastKnownFileType = sourcecode.swift; path = ProductsTableViewController.swift; sourceTree = "<group>"; };
		F3B8CEA41DE275740077DA11 /* GoodAsOldPhones.app */ = {isa = PBXFileReference; explicitFileType = wrapper.application; includeInIndex = 0; path = GoodAsOldPhones.app; sourceTree = BUILT_PRODUCTS_DIR; };
		F3B8CEA71DE275740077DA11 /* AppDelegate.swift */ = {isa = PBXFileReference; lastKnownFileType = sourcecode.swift; path = AppDelegate.swift; sourceTree = "<group>"; };
		F3B8CEAC1DE275740077DA11 /* Base */ = {isa = PBXFileReference; lastKnownFileType = file.storyboard; name = Base; path = Base.lproj/Main.storyboard; sourceTree = "<group>"; };
		F3B8CEAE1DE275740077DA11 /* Assets.xcassets */ = {isa = PBXFileReference; lastKnownFileType = folder.assetcatalog; path = Assets.xcassets; sourceTree = "<group>"; };
		F3B8CEB11DE275740077DA11 /* Base */ = {isa = PBXFileReference; lastKnownFileType = file.storyboard; name = Base; path = Base.lproj/LaunchScreen.storyboard; sourceTree = "<group>"; };
		F3B8CEB31DE275740077DA11 /* Info.plist */ = {isa = PBXFileReference; lastKnownFileType = text.plist.xml; path = Info.plist; sourceTree = "<group>"; };
		F3B8CEBB1DE27D520077DA11 /* ProductViewController.swift */ = {isa = PBXFileReference; fileEncoding = 4; lastKnownFileType = sourcecode.swift; path = ProductViewController.swift; sourceTree = "<group>"; };
		F3B8CEBD1DE2A1220077DA11 /* ContactViewController.swift */ = {isa = PBXFileReference; fileEncoding = 4; lastKnownFileType = sourcecode.swift; path = ContactViewController.swift; sourceTree = "<group>"; };
/* End PBXFileReference section */

/* Begin PBXFrameworksBuildPhase section */
		F3B8CEA11DE275740077DA11 /* Frameworks */ = {
			isa = PBXFrameworksBuildPhase;
			buildActionMask = 2147483647;
			files = (
			);
			runOnlyForDeploymentPostprocessing = 0;
		};
/* End PBXFrameworksBuildPhase section */

/* Begin PBXGroup section */
		F3B8CE9B1DE275740077DA11 = {
			isa = PBXGroup;
			children = (
				F3B8CEA61DE275740077DA11 /* GoodAsOldPhones */,
				F3B8CEA51DE275740077DA11 /* Products */,
			);
			sourceTree = "<group>";
		};
		F3B8CEA51DE275740077DA11 /* Products */ = {
			isa = PBXGroup;
			children = (
				F3B8CEA41DE275740077DA11 /* GoodAsOldPhones.app */,
			);
			name = Products;
			sourceTree = "<group>";
		};
		F3B8CEA61DE275740077DA11 /* GoodAsOldPhones */ = {
			isa = PBXGroup;
			children = (
				F3B8CEA71DE275740077DA11 /* AppDelegate.swift */,
				F3B8CEAB1DE275740077DA11 /* Main.storyboard */,
				F3B8CEAE1DE275740077DA11 /* Assets.xcassets */,
				F3B8CEB01DE275740077DA11 /* LaunchScreen.storyboard */,
				F3B8CEB31DE275740077DA11 /* Info.plist */,
				F3B8CEBB1DE27D520077DA11 /* ProductViewController.swift */,
				F3B8CEBD1DE2A1220077DA11 /* ContactViewController.swift */,
				794C1DF11DE340580044796D /* ProductsTableViewController.swift */,
			);
			path = GoodAsOldPhones;
			sourceTree = "<group>";
		};
/* End PBXGroup section */

/* Begin PBXNativeTarget section */
		F3B8CEA31DE275740077DA11 /* GoodAsOldPhones */ = {
			isa = PBXNativeTarget;
			buildConfigurationList = F3B8CEB61DE275740077DA11 /* Build configuration list for PBXNativeTarget "GoodAsOldPhones" */;
			buildPhases = (
				F3B8CEA01DE275740077DA11 /* Sources */,
				F3B8CEA11DE275740077DA11 /* Frameworks */,
				F3B8CEA21DE275740077DA11 /* Resources */,
			);
			buildRules = (
			);
			dependencies = (
			);
			name = GoodAsOldPhones;
			productName = GoodAsOldPhones;
			productReference = F3B8CEA41DE275740077DA11 /* GoodAsOldPhones.app */;
			productType = "com.apple.product-type.application";
		};
/* End PBXNativeTarget section */

/* Begin PBXProject section */
		F3B8CE9C1DE275740077DA11 /* Project object */ = {
			isa = PBXProject;
			attributes = {
				LastSwiftUpdateCheck = 0810;
				LastUpgradeCheck = 0810;
				ORGANIZATIONNAME = "Steven Prichard";
				TargetAttributes = {
					F3B8CEA31DE275740077DA11 = {
						CreatedOnToolsVersion = 8.1;
						DevelopmentTeam = A7YB3G73U2;
						ProvisioningStyle = Automatic;
					};
				};
			};
			buildConfigurationList = F3B8CE9F1DE275740077DA11 /* Build configuration list for PBXProject "GoodAsOldPhones" */;
			compatibilityVersion = "Xcode 3.2";
			developmentRegion = English;
			hasScannedForEncodings = 0;
			knownRegions = (
				en,
				Base,
			);
			mainGroup = F3B8CE9B1DE275740077DA11;
			productRefGroup = F3B8CEA51DE275740077DA11 /* Products */;
			projectDirPath = "";
			projectRoot = "";
			targets = (
				F3B8CEA31DE275740077DA11 /* GoodAsOldPhones */,
			);
		};
/* End PBXProject section */

/* Begin PBXResourcesBuildPhase section */
		F3B8CEA21DE275740077DA11 /* Resources */ = {
			isa = PBXResourcesBuildPhase;
			buildActionMask = 2147483647;
			files = (
				F3B8CEB21DE275740077DA11 /* LaunchScreen.storyboard in Resources */,
				F3B8CEAF1DE275740077DA11 /* Assets.xcassets in Resources */,
				F3B8CEAD1DE275740077DA11 /* Main.storyboard in Resources */,
			);
			runOnlyForDeploymentPostprocessing = 0;
		};
/* End PBXResourcesBuildPhase section */

/* Begin PBXSourcesBuildPhase section */
		F3B8CEA01DE275740077DA11 /* Sources */ = {
			isa = PBXSourcesBuildPhase;
			buildActionMask = 2147483647;
			files = (
				F3B8CEBC1DE27D520077DA11 /* ProductViewController.swift in Sources */,
				794C1DF21DE340580044796D /* ProductsTableViewController.swift in Sources */,
				F3B8CEA81DE275740077DA11 /* AppDelegate.swift in Sources */,
				F3B8CEBE1DE2A1220077DA11 /* ContactViewController.swift in Sources */,
			);
			runOnlyForDeploymentPostprocessing = 0;
		};
/* End PBXSourcesBuildPhase section */

/* Begin PBXVariantGroup section */
		F3B8CEAB1DE275740077DA11 /* Main.storyboard */ = {
			isa = PBXVariantGroup;
			children = (
				F3B8CEAC1DE275740077DA11 /* Base */,
			);
			name = Main.storyboard;
			sourceTree = "<group>";
		};
		F3B8CEB01DE275740077DA11 /* LaunchScreen.storyboard */ = {
			isa = PBXVariantGroup;
			children = (
				F3B8CEB11DE275740077DA11 /* Base */,
			);
			name = LaunchScreen.storyboard;
			sourceTree = "<group>";
		};
/* End PBXVariantGroup section */

/* Begin XCBuildConfiguration section */
		F3B8CEB41DE275740077DA11 /* Debug */ = {
			isa = XCBuildConfiguration;
			buildSettings = {
				ALWAYS_SEARCH_USER_PATHS = NO;
				CLANG_ANALYZER_NONNULL = YES;
				CLANG_CXX_LANGUAGE_STANDARD = "gnu++0x";
				CLANG_CXX_LIBRARY = "libc++";
				CLANG_ENABLE_MODULES = YES;
				CLANG_ENABLE_OBJC_ARC = YES;
				CLANG_WARN_BOOL_CONVERSION = YES;
				CLANG_WARN_CONSTANT_CONVERSION = YES;
				CLANG_WARN_DIRECT_OBJC_ISA_USAGE = YES_ERROR;
				CLANG_WARN_DOCUMENTATION_COMMENTS = YES;
				CLANG_WARN_EMPTY_BODY = YES;
				CLANG_WARN_ENUM_CONVERSION = YES;
				CLANG_WARN_INFINITE_RECURSION = YES;
				CLANG_WARN_INT_CONVERSION = YES;
				CLANG_WARN_OBJC_ROOT_CLASS = YES_ERROR;
				CLANG_WARN_SUSPICIOUS_MOVES = YES;
				CLANG_WARN_UNREACHABLE_CODE = YES;
				CLANG_WARN__DUPLICATE_METHOD_MATCH = YES;
				"CODE_SIGN_IDENTITY[sdk=iphoneos*]" = "iPhone Developer";
				COPY_PHASE_STRIP = NO;
				DEBUG_INFORMATION_FORMAT = dwarf;
				ENABLE_STRICT_OBJC_MSGSEND = YES;
				ENABLE_TESTABILITY = YES;
				GCC_C_LANGUAGE_STANDARD = gnu99;
				GCC_DYNAMIC_NO_PIC = NO;
				GCC_NO_COMMON_BLOCKS = YES;
				GCC_OPTIMIZATION_LEVEL = 0;
				GCC_PREPROCESSOR_DEFINITIONS = (
					"DEBUG=1",
					"$(inherited)",
				);
				GCC_WARN_64_TO_32_BIT_CONVERSION = YES;
				GCC_WARN_ABOUT_RETURN_TYPE = YES_ERROR;
				GCC_WARN_UNDECLARED_SELECTOR = YES;
				GCC_WARN_UNINITIALIZED_AUTOS = YES_AGGRESSIVE;
				GCC_WARN_UNUSED_FUNCTION = YES;
				GCC_WARN_UNUSED_VARIABLE = YES;
				IPHONEOS_DEPLOYMENT_TARGET = 10.1;
				MTL_ENABLE_DEBUG_INFO = YES;
				ONLY_ACTIVE_ARCH = YES;
				SDKROOT = iphoneos;
				SWIFT_ACTIVE_COMPILATION_CONDITIONS = DEBUG;
				SWIFT_OPTIMIZATION_LEVEL = "-Onone";
			};
			name = Debug;
		};
		F3B8CEB51DE275740077DA11 /* Release */ = {
			isa = XCBuildConfiguration;
			buildSettings = {
				ALWAYS_SEARCH_USER_PATHS = NO;
				CLANG_ANALYZER_NONNULL = YES;
				CLANG_CXX_LANGUAGE_STANDARD = "gnu++0x";
				CLANG_CXX_LIBRARY = "libc++";
				CLANG_ENABLE_MODULES = YES;
				CLANG_ENABLE_OBJC_ARC = YES;
				CLANG_WARN_BOOL_CONVERSION = YES;
				CLANG_WARN_CONSTANT_CONVERSION = YES;
				CLANG_WARN_DIRECT_OBJC_ISA_USAGE = YES_ERROR;
				CLANG_WARN_DOCUMENTATION_COMMENTS = YES;
				CLANG_WARN_EMPTY_BODY = YES;
				CLANG_WARN_ENUM_CONVERSION = YES;
				CLANG_WARN_INFINITE_RECURSION = YES;
				CLANG_WARN_INT_CONVERSION = YES;
				CLANG_WARN_OBJC_ROOT_CLASS = YES_ERROR;
				CLANG_WARN_SUSPICIOUS_MOVES = YES;
				CLANG_WARN_UNREACHABLE_CODE = YES;
				CLANG_WARN__DUPLICATE_METHOD_MATCH = YES;
				"CODE_SIGN_IDENTITY[sdk=iphoneos*]" = "iPhone Developer";
				COPY_PHASE_STRIP = NO;
				DEBUG_INFORMATION_FORMAT = "dwarf-with-dsym";
				ENABLE_NS_ASSERTIONS = NO;
				ENABLE_STRICT_OBJC_MSGSEND = YES;
				GCC_C_LANGUAGE_STANDARD = gnu99;
				GCC_NO_COMMON_BLOCKS = YES;
				GCC_WARN_64_TO_32_BIT_CONVERSION = YES;
				GCC_WARN_ABOUT_RETURN_TYPE = YES_ERROR;
				GCC_WARN_UNDECLARED_SELECTOR = YES;
				GCC_WARN_UNINITIALIZED_AUTOS = YES_AGGRESSIVE;
				GCC_WARN_UNUSED_FUNCTION = YES;
				GCC_WARN_UNUSED_VARIABLE = YES;
				IPHONEOS_DEPLOYMENT_TARGET = 10.1;
				MTL_ENABLE_DEBUG_INFO = NO;
				SDKROOT = iphoneos;
				SWIFT_OPTIMIZATION_LEVEL = "-Owholemodule";
				VALIDATE_PRODUCT = YES;
			};
			name = Release;
		};
		F3B8CEB71DE275740077DA11 /* Debug */ = {
			isa = XCBuildConfiguration;
			buildSettings = {
				ASSETCATALOG_COMPILER_APPICON_NAME = AppIcon;
				DEVELOPMENT_TEAM = A7YB3G73U2;
				INFOPLIST_FILE = GoodAsOldPhones/Info.plist;
				LD_RUNPATH_SEARCH_PATHS = "$(inherited) @executable_path/Frameworks";
				PRODUCT_BUNDLE_IDENTIFIER = "Bemidji-State.GoodAsOldPhones";
				PRODUCT_NAME = "$(TARGET_NAME)";
				SWIFT_VERSION = 3.0;
			};
			name = Debug;
		};
		F3B8CEB81DE275740077DA11 /* Release */ = {
			isa = XCBuildConfiguration;
			buildSettings = {
				ASSETCATALOG_COMPILER_APPICON_NAME = AppIcon;
				DEVELOPMENT_TEAM = A7YB3G73U2;
				INFOPLIST_FILE = GoodAsOldPhones/Info.plist;
				LD_RUNPATH_SEARCH_PATHS = "$(inherited) @executable_path/Frameworks";
				PRODUCT_BUNDLE_IDENTIFIER = "Bemidji-State.GoodAsOldPhones";
				PRODUCT_NAME = "$(TARGET_NAME)";
				SWIFT_VERSION = 3.0;
			};
			name = Release;
		};
/* End XCBuildConfiguration section */

/* Begin XCConfigurationList section */
		F3B8CE9F1DE275740077DA11 /* Build configuration list for PBXProject "GoodAsOldPhones" */ = {
			isa = XCConfigurationList;
			buildConfigurations = (
				F3B8CEB41DE275740077DA11 /* Debug */,
				F3B8CEB51DE275740077DA11 /* Release */,
			);
			defaultConfigurationIsVisible = 0;
			defaultConfigurationName = Release;
		};
		F3B8CEB61DE275740077DA11 /* Build configuration list for PBXNativeTarget "GoodAsOldPhones" */ = {
			isa = XCConfigurationList;
			buildConfigurations = (
				F3B8CEB71DE275740077DA11 /* Debug */,
				F3B8CEB81DE275740077DA11 /* Release */,
			);
			defaultConfigurationIsVisible = 0;
			defaultConfigurationName = Release;
		};
/* End XCConfigurationList section */
	};
	rootObject = F3B8CE9C1DE275740077DA11 /* Project object */;
}
